
Microsoft Visual Studio Solution File, Format Version 12.00
# Visual Studio 15
VisualStudioVersion = 15.0.28010.2003
MinimumVisualStudioVersion = 10.0.40219.1
Project("{FAE04EC0-301F-11D3-BF4B-00C04F79EFBC}") = "api", "api\api.csproj", "{21807102-08A5-4BE0-A957-DDD5E583373A}"
EndProject
Global
	GlobalSection(SolutionConfigurationPlatforms) = preSolution
		Debug|Any CPU = Debug|Any CPU
		Release|Any CPU = Release|Any CPU
	EndGlobalSection
	GlobalSection(ProjectConfigurationPlatforms) = postSolution
		{21807102-08A5-4BE0-A957-DDD5E583373A}.Debug|Any CPU.ActiveCfg = Debug|Any CPU
		{21807102-08A5-4BE0-A957-DDD5E583373A}.Debug|Any CPU.Build.0 = Debug|Any CPU
		{21807102-08A5-4BE0-A957-DDD5E583373A}.Release|Any CPU.ActiveCfg = Release|Any CPU
		{21807102-08A5-4BE0-A957-DDD5E583373A}.Release|Any CPU.Build.0 = Release|Any CPU
	EndGlobalSection
	GlobalSection(SolutionProperties) = preSolution
		HideSolutionNode = FALSE
	EndGlobalSection
	GlobalSection(ExtensibilityGlobals) = postSolution
		SolutionGuid = {C481050C-BD2D-47E5-8A9A-E7BBD5F2FE70}
	EndGlobalSection
EndGlobal
